{
  "name": "npm",
  "version": "1.0.0",
  "lockfileVersion": 2,
  "requires": true,
  "packages": {
    "": {
      "name": "npm",
      "version": "1.0.0",
      "license": "ISC",
      "dependencies": {
        "intl-tel-input": "^17.0.8"
      }
    },
    "node_modules/intl-tel-input": {
      "version": "17.0.8",
      "resolved": "https://registry.npmjs.org/intl-tel-input/-/intl-tel-input-17.0.8.tgz",
      "integrity": "sha512-Jf7IdNCSJrWMBbcLQJ8I3nVYnJ5xRODJhPa+0QFcTsg82E332DbMDKnzTBkEID4Q1I7Nf8+96WzmMveadRbxxg=="
    }
  },
  "dependencies": {
    "intl-tel-input": {
      "version": "17.0.8",
      "resolved": "https://registry.npmjs.org/intl-tel-input/-/intl-tel-input-17.0.8.tgz",
      "integrity": "sha512-Jf7IdNCSJrWMBbcLQJ8I3nVYnJ5xRODJhPa+0QFcTsg82E332DbMDKnzTBkEID4Q1I7Nf8+96WzmMveadRbxxg=="
    }
  }
}
